
Microsoft Visual Studio Solution File, Format Version 12.00
# Visual Studio Version 17
VisualStudioVersion = 17.0.32014.148
MinimumVisualStudioVersion = 10.0.40219.1
Project("{9A19103F-16F7-4668-BE54-9A1E7A4F7556}") = "ParkingManagementSystem.Business", "ParkingManagementSystem.Business\ParkingManagementSystem.Business.csproj", "{D6FB3DBE-08D5-4C50-AA27-96E7466870E8}"
EndProject
Project("{9A19103F-16F7-4668-BE54-9A1E7A4F7556}") = "ParkingManagementSystem.WebAPI", "ParkingManagementSystem.WebAPI\ParkingManagementSystem.WebAPI.csproj", "{6A8A8A3B-BBE2-414C-AC04-0981676C5B99}"
EndProject
Project("{9A19103F-16F7-4668-BE54-9A1E7A4F7556}") = "ParkingManagementSystem.Test", "ParkingManagementSystem.Test\ParkingManagementSystem.Test.csproj", "{D6B40410-D6F9-49EE-8B53-FBF44ACA198A}"
EndProject
Project("{E53339B2-1760-4266-BCC7-CA923CBCF16C}") = "docker-compose", "docker-compose.dcproj", "{80E94373-BFEE-4945-9911-523AE1E9A60D}"
EndProject
Global
	GlobalSection(SolutionConfigurationPlatforms) = preSolution
		Debug|Any CPU = Debug|Any CPU
		Release|Any CPU = Release|Any CPU
	EndGlobalSection
	GlobalSection(ProjectConfigurationPlatforms) = postSolution
		{D6FB3DBE-08D5-4C50-AA27-96E7466870E8}.Debug|Any CPU.ActiveCfg = Debug|Any CPU
		{D6FB3DBE-08D5-4C50-AA27-96E7466870E8}.Debug|Any CPU.Build.0 = Debug|Any CPU
		{D6FB3DBE-08D5-4C50-AA27-96E7466870E8}.Release|Any CPU.ActiveCfg = Release|Any CPU
		{D6FB3DBE-08D5-4C50-AA27-96E7466870E8}.Release|Any CPU.Build.0 = Release|Any CPU
		{6A8A8A3B-BBE2-414C-AC04-0981676C5B99}.Debug|Any CPU.ActiveCfg = Debug|Any CPU
		{6A8A8A3B-BBE2-414C-AC04-0981676C5B99}.Debug|Any CPU.Build.0 = Debug|Any CPU
		{6A8A8A3B-BBE2-414C-AC04-0981676C5B99}.Release|Any CPU.ActiveCfg = Release|Any CPU
		{6A8A8A3B-BBE2-414C-AC04-0981676C5B99}.Release|Any CPU.Build.0 = Release|Any CPU
		{D6B40410-D6F9-49EE-8B53-FBF44ACA198A}.Debug|Any CPU.ActiveCfg = Debug|Any CPU
		{D6B40410-D6F9-49EE-8B53-FBF44ACA198A}.Debug|Any CPU.Build.0 = Debug|Any CPU
		{D6B40410-D6F9-49EE-8B53-FBF44ACA198A}.Release|Any CPU.ActiveCfg = Release|Any CPU
		{D6B40410-D6F9-49EE-8B53-FBF44ACA198A}.Release|Any CPU.Build.0 = Release|Any CPU
		{80E94373-BFEE-4945-9911-523AE1E9A60D}.Debug|Any CPU.ActiveCfg = Debug|Any CPU
		{80E94373-BFEE-4945-9911-523AE1E9A60D}.Debug|Any CPU.Build.0 = Debug|Any CPU
		{80E94373-BFEE-4945-9911-523AE1E9A60D}.Release|Any CPU.ActiveCfg = Release|Any CPU
		{80E94373-BFEE-4945-9911-523AE1E9A60D}.Release|Any CPU.Build.0 = Release|Any CPU
	EndGlobalSection
	GlobalSection(SolutionProperties) = preSolution
		HideSolutionNode = FALSE
	EndGlobalSection
	GlobalSection(ExtensibilityGlobals) = postSolution
		SolutionGuid = {143A2D52-F131-497E-99D6-6284C244E03D}
	EndGlobalSection
EndGlobal
